<?xml version="1.0" encoding="UTF-8" standalone="yes" ?>
<CodeBlocks_project_file>
	<FileVersion major="1" minor="6" />
	<Project>
		<Option title="flashenvui" />
		<Option pch_mode="2" />
		<Option compiler="pandora_compiler" />
		<Build>
			<Target title="Debug">
				<Option output="bin/Debug/flashenvui" prefix_auto="1" extension_auto="1" />
				<Option object_output="obj/Debug/" />
				<Option type="1" />
				<Option compiler="pandora_compiler" />
				<Compiler>
					<Add option="-g" />
				</Compiler>
			</Target>
			<Target title="Release">
				<Option output="bin/Release/flashenvui" prefix_auto="1" extension_auto="1" />
				<Option object_output="obj/Release/" />
				<Option type="1" />
				<Option compiler="pandora_compiler" />
				<Compiler>
					<Add option="-O2" />
					<Add option="-DPANDORA" />
				</Compiler>
				<Linker>
					<Add option="-s" />
				</Linker>
			</Target>
		</Build>
		<Compiler>
			<Add option="-Wall" />
			<Add option="`sdl-config --cflags`" />
		</Compiler>
		<Linker>
			<Add option="`sdl-config --libs`" />
			<Add library="SDL_ttf" />
			<Add library="SDL_gfx" />
			<Add library="SDL_image" />
		</Linker>
		<Unit filename="src/flashenvui.cpp" />
		<Extensions>
			<code_completion />
			<debugger />
		</Extensions>
	</Project>
</CodeBlocks_project_file>
