<?xml version="1.0" encoding="UTF-8" standalone="yes" ?>
<CodeBlocks_project_file>
	<FileVersion major="1" minor="6" />
	<Project>
		<Option title="flashenv" />
		<Option pch_mode="2" />
		<Option compiler="pandora_compiler" />
		<Build>
			<Target title="Debug">
				<Option output="bin/Debug/flashenv" prefix_auto="1" extension_auto="1" />
				<Option object_output="obj/Debug/" />
				<Option type="1" />
				<Option compiler="pandora_compiler" />
				<Compiler>
					<Add option="-g" />
					<Add option="-D_DEBUG" />
				</Compiler>
			</Target>
			<Target title="Release">
				<Option output="bin/Release/flashenv" prefix_auto="1" extension_auto="1" />
				<Option object_output="obj/Release/" />
				<Option type="1" />
				<Option compiler="pandora_compiler" />
				<Compiler>
					<Add option="-O2" />
				</Compiler>
				<Linker>
					<Add option="-s" />
				</Linker>
			</Target>
		</Build>
		<Compiler>
			<Add option="-Wall" />
			<Add option="`pkg-config --cflags cairo`" />
			<Add option="`pkg-config --cflags glib-2.0 gobject-2.0`" />
			<Add option="`pkg-config --cflags gtk+-2.0`" />
			<Add option="-DXP_UNIX" />
			<Add option="-DMOZ_X11" />
			<Add directory="/usr/local/angstrom/arm/arm-angstrom-linux-gnueabi/usr/include" />
			<Add directory="/usr/local/angstrom/arm/arm-angstrom-linux-gnueabi/usr/lib/gtk-2.0/include" />
			<Add directory="/usr/local/angstrom/arm/arm-angstrom-linux-gnueabi/usr/include/cairo" />
		</Compiler>
		<Linker>
			<Add option="`pkg-config --libs glib-2.0 gobject-2.0`" />
			<Add option="`pkg-config --libs gtk`" />
			<Add library="dl" />
			<Add library="gtk-x11-2.0" />
		</Linker>
		<Unit filename="crossdomain.xml" />
		<Unit filename="flashenv.pxml" />
		<Unit filename="gameconfig.default" />
		<Unit filename="runswf.sh" />
		<Unit filename="src/player/defines.h" />
		<Unit filename="src/player/flashattributes.cpp" />
		<Unit filename="src/player/flashattributes.h" />
		<Unit filename="src/player/flashplayer.cpp" />
		<Unit filename="src/player/flashplayer.h" />
		<Unit filename="src/player/flashwindow.cpp" />
		<Unit filename="src/player/flashwindow.h" />
		<Unit filename="src/player/keymap.cpp" />
		<Unit filename="src/player/keymap.h" />
		<Unit filename="src/player/main.cpp" />
		<Unit filename="src/player/mimetypes.h" />
		<Unit filename="src/player/npn.cpp" />
		<Unit filename="src/player/npn.h" />
		<Unit filename="src/third_party/iniparser-3.0/src/dictionary.c">
			<Option compilerVar="CC" />
		</Unit>
		<Unit filename="src/third_party/iniparser-3.0/src/dictionary.h" />
		<Unit filename="src/third_party/iniparser-3.0/src/iniparser.c">
			<Option compilerVar="CC" />
		</Unit>
		<Unit filename="src/third_party/iniparser-3.0/src/iniparser.h" />
		<Unit filename="src/third_party/npapi/npapi.h" />
		<Unit filename="src/third_party/npapi/npfunctions.h" />
		<Unit filename="src/third_party/npapi/npruntime.h" />
		<Unit filename="src/third_party/npapi/nptypes.h" />
		<Extensions>
			<code_completion />
			<debugger />
		</Extensions>
	</Project>
</CodeBlocks_project_file>
